
Microsoft Visual Studio Solution File, Format Version 9.00
# Visual Studio 2005
Project("{FAE04EC0-301F-11D3-BF4B-00C04F79EFBC}") = "DependencyVisualizer", "DependencyVisualizer\DependencyVisualizer.csproj", "{FC465092-821A-4077-9892-EEFF97C51C89}"
	ProjectSection(WebsiteProperties) = preProject
		Debug.AspNetCompiler.Debug = "True"
		Release.AspNetCompiler.Debug = "False"
	EndProjectSection
EndProject
Project("{930C7802-8A8C-48F9-8165-68863BCCD9DD}") = "SetupDependencyVisualizer", "SetupDependencyVisualizer\SetupDependencyVisualizer.wixproj", "{98D627BB-1A53-4927-9153-B20EC2611144}"
	ProjectSection(WebsiteProperties) = preProject
		Debug.AspNetCompiler.Debug = "True"
		Release.AspNetCompiler.Debug = "False"
	EndProjectSection
EndProject
Global
	GlobalSection(TeamFoundationVersionControl) = preSolution
		SccNumberOfProjects = 3
		SccEnterpriseProvider = {4CA58AB2-18FA-4F8D-95D4-32DDF27D184C}
		SccTeamFoundationServer = https://tfs04.codeplex.com/
		SccLocalPath0 = .
		SccProjectUniqueName1 = DependencyVisualizer\\DependencyVisualizer.csproj
		SccProjectName1 = DependencyVisualizer
		SccLocalPath1 = DependencyVisualizer
		SccProjectUniqueName2 = SetupDependencyVisualizer\\SetupDependencyVisualizer.wixproj
		SccProjectName2 = SetupDependencyVisualizer
		SccLocalPath2 = SetupDependencyVisualizer
	EndGlobalSection
	GlobalSection(SolutionConfigurationPlatforms) = preSolution
		Debug|Any CPU = Debug|Any CPU
		Release|Any CPU = Release|Any CPU
	EndGlobalSection
	GlobalSection(ProjectConfigurationPlatforms) = postSolution
		{FC465092-821A-4077-9892-EEFF97C51C89}.Debug|Any CPU.ActiveCfg = Debug|Any CPU
		{FC465092-821A-4077-9892-EEFF97C51C89}.Debug|Any CPU.Build.0 = Debug|Any CPU
		{FC465092-821A-4077-9892-EEFF97C51C89}.Release|Any CPU.ActiveCfg = Release|Any CPU
		{FC465092-821A-4077-9892-EEFF97C51C89}.Release|Any CPU.Build.0 = Release|Any CPU
		{98D627BB-1A53-4927-9153-B20EC2611144}.Debug|Any CPU.ActiveCfg = Debug|Any CPU
		{98D627BB-1A53-4927-9153-B20EC2611144}.Debug|Any CPU.Build.0 = Debug|Any CPU
		{98D627BB-1A53-4927-9153-B20EC2611144}.Release|Any CPU.ActiveCfg = Release|Any CPU
		{98D627BB-1A53-4927-9153-B20EC2611144}.Release|Any CPU.Build.0 = Release|Any CPU
	EndGlobalSection
	GlobalSection(SolutionProperties) = preSolution
		HideSolutionNode = FALSE
	EndGlobalSection
EndGlobal
